{
  "nodes": {
    "nixpkgs": {
      "locked": {
        "lastModified": 1738824222,
        "narHash": "sha256-U3SNq+waitGIotmgg/Et3J7o4NvUtP2gb2VhME5QXiw=",
        "owner": "nixos",
        "repo": "nixpkgs",
        "rev": "550e11f27ba790351d390d9eca3b80ad0f0254e7",
        "type": "github"
      },
      "original": {
        "owner": "nixos",
        "ref": "nixos-unstable",
        "repo": "nixpkgs",
        "type": "github"
      }
    },
    "nixpkgs-pinned": {
      "locked": {
        "lastModified": 1735160951,
        "narHash": "sha256-9h91U6BBNnzShwzlC+r/aXB+WyN3S140lYQbHH95bc0=",
        "owner": "nixos",
        "repo": "nixpkgs",
        "rev": "c792c60b8a97daa7efe41a6e4954497ae410e0c1",
        "type": "github"
      },
      "original": {
        "owner": "nixos",
        "repo": "nixpkgs",
        "rev": "c792c60b8a97daa7efe41a6e4954497ae410e0c1",
        "type": "github"
      }
    },
    "root": {
      "inputs": {
        "nixpkgs": "nixpkgs",
        "nixpkgs-pinned": "nixpkgs-pinned"
      }
    }
  },
  "root": "root",
  "version": 7
}
